
Microsoft Visual Studio Solution File, Format Version 12.00
# Visual Studio Version 16
VisualStudioVersion = 16.0.31129.286
MinimumVisualStudioVersion = 10.0.40219.1
Project("{FAE04EC0-301F-11D3-BF4B-00C04F79EFBC}") = "MigrationTool", "MigrationTool.csproj", "{B4161D83-EB00-4D23-9595-3FCA8D47EF39}"
EndProject
Global
	GlobalSection(SolutionConfigurationPlatforms) = preSolution
		Debug|Any CPU = Debug|Any CPU
		Release|Any CPU = Release|Any CPU
	EndGlobalSection
	GlobalSection(ProjectConfigurationPlatforms) = postSolution
		{B4161D83-EB00-4D23-9595-3FCA8D47EF39}.Debug|Any CPU.ActiveCfg = Debug|Any CPU
		{B4161D83-EB00-4D23-9595-3FCA8D47EF39}.Debug|Any CPU.Build.0 = Debug|Any CPU
		{B4161D83-EB00-4D23-9595-3FCA8D47EF39}.Release|Any CPU.ActiveCfg = Release|Any CPU
		{B4161D83-EB00-4D23-9595-3FCA8D47EF39}.Release|Any CPU.Build.0 = Release|Any CPU
	EndGlobalSection
	GlobalSection(SolutionProperties) = preSolution
		HideSolutionNode = FALSE
	EndGlobalSection
	GlobalSection(ExtensibilityGlobals) = postSolution
		SolutionGuid = {498729D9-A3D7-45B8-8DBA-AAC9095B8C51}
	EndGlobalSection
EndGlobal
